{
  "lockfile_version": "1",
  "packages": {
    "github:NixOS/nixpkgs/nixpkgs-unstable": {
      "last_modified": "2026-07-01T15:14:03Z",
      "resolved": "github:NixOS/nixpkgs/e8273b29fe1390ec8d4603f2477357555291432e?lastModified=1782918843&narHash=sha256-ETYnV9U7Sr%2BA45dohzZdfCZKOss4qrTkO%2BwgNZNvEc0%3D"
    },
    "python@3.13": {
      "last_modified": "2025-05-16T20:19:48Z",
      "plugin_version": "0.0.5",
      "resolved": "github:NixOS/nixpkgs/12a55407652e04dcf2309436eb06fef0d3713ef3#python313",
      "source": "devbox-search",
      "version": "3.13.3",
      "systems": {
        "aarch64-darwin": {
          "outputs": [
            {
              "name": "out",
              "path": "/nix/store/1a8xg8l3m67hxinxzzcsak9736qm9vsf-python3-3.13.3",
              "default": true
            }
          ],
          "store_path": "/nix/store/1a8xg8l3m67hxinxzzcsak9736qm9vsf-python3-3.13.3"
        },
        "aarch64-linux": {
          "outputs": [
            {
              "name": "out",
              "path": "/nix/store/yy0xvc2rydhrs0h1v8d7r3sql347xzz5-python3-3.13.3",
              "default": true
            },
            {
              "name": "debug",
              "path": "/nix/store/42bxfqfrh8cwspl7szr0cw8739xv8qlq-python3-3.13.3-debug"
            }
          ],
          "store_path": "/nix/store/yy0xvc2rydhrs0h1v8d7r3sql347xzz5-python3-3.13.3"
        },
        "x86_64-darwin": {
          "outputs": [
            {
              "name": "out",
              "path": "/nix/store/gbrigjhghz9v2p0zf9b2fnvs0g0yx7q4-python3-3.13.3",
              "default": true
            }
          ],
          "store_path": "/nix/store/gbrigjhghz9v2p0zf9b2fnvs0g0yx7q4-python3-3.13.3"
        },
        "x86_64-linux": {
          "outputs": [
            {
              "name": "out",
              "path": "/nix/store/2mab9iiwhcqwk75qwvp3zv0bvbiaq6cs-python3-3.13.3",
              "default": true
            },
            {
              "name": "debug",
              "path": "/nix/store/9z6k8ijl2md0y2n95yprbjj4vxbfsi15-python3-3.13.3-debug"
            }
          ],
          "store_path": "/nix/store/2mab9iiwhcqwk75qwvp3zv0bvbiaq6cs-python3-3.13.3"
        }
      }
    },
    "uv@latest": {
      "last_modified": "2026-07-04T17:57:37Z",
      "resolved": "github:NixOS/nixpkgs/19a8a1e6d8b7315b6fd84e5a51977ce6f69d5a5b#uv",
      "source": "devbox-search",
      "version": "0.11.25",
      "systems": {
        "aarch64-darwin": {
          "outputs": [
            {
              "name": "out",
              "path": "/nix/store/f0kyi2i8xrfx7i405n5qy97kr0y5b2wv-uv-0.11.25",
              "default": true
            }
          ],
          "store_path": "/nix/store/f0kyi2i8xrfx7i405n5qy97kr0y5b2wv-uv-0.11.25"
        },
        "aarch64-linux": {
          "outputs": [
            {
              "name": "out",
              "path": "/nix/store/8qd81vygrwkvp8ndg3ihj9wq3pl97hfd-uv-0.11.25",
              "default": true
            }
          ],
          "store_path": "/nix/store/8qd81vygrwkvp8ndg3ihj9wq3pl97hfd-uv-0.11.25"
        },
        "x86_64-darwin": {
          "outputs": [
            {
              "name": "out",
              "path": "/nix/store/z4dcs3l0khfc2hky62bhy6v45lmysdvz-uv-0.11.25",
              "default": true
            }
          ],
          "store_path": "/nix/store/z4dcs3l0khfc2hky62bhy6v45lmysdvz-uv-0.11.25"
        },
        "x86_64-linux": {
          "outputs": [
            {
              "name": "out",
              "path": "/nix/store/cgvijxnmydknslkl368k4j4j43akvl8b-uv-0.11.25",
              "default": true
            }
          ],
          "store_path": "/nix/store/cgvijxnmydknslkl368k4j4j43akvl8b-uv-0.11.25"
        }
      }
    }
  }
}
